# THIS IS AN AUTOGENERATED FILE. DO NOT EDIT THIS FILE DIRECTLY.
# yarn lockfile v1


"@ledgerhq/devices@^5.21.0":
  version "5.21.0"
  resolved "https://registry.yarnpkg.com/@ledgerhq/devices/-/devices-5.21.0.tgz#b6dc274536e70513a3ae7df7a9f956ea87adcc49"
  integrity sha512-65XZgD2ykK7AJkcJuNEP8WD43HDkudA7NfB34U1T6pmPC6AgWoRYDNpJ23XQ8eiAImETlxv7FaDGUXSEpIQMGQ==
  dependencies:
    "@ledgerhq/errors" "^5.21.0"
    "@ledgerhq/logs" "^5.21.0"
    rxjs "^6.6.0"

"@ledgerhq/errors@^5.21.0":
  version "5.21.0"
  resolved "https://registry.yarnpkg.com/@ledgerhq/errors/-/errors-5.21.0.tgz#2a7bdea62fe7e0bd9ccc3b786d2c179f8f65bc02"
  integrity sha512-sGfXoaVGfzrhnexu2TEdgL2FAjM7PUeobWdDBx3DJKE+ARje1y+i5+qg7gyvQL+9k4FV7mW2xMOcnUI3T2Zw0Q==

"@ledgerhq/hw-transport@^5.21.0":
  version "5.21.0"
  resolved "https://registry.yarnpkg.com/@ledgerhq/hw-transport/-/hw-transport-5.21.0.tgz#c94d13397a26e0755824e05613e2257a3d2b450b"
  integrity sha512-emVoy+ZEA19z+g6CsDcliVRRYDn4RzdH+zW9F37Z22uoMWslx2VNa+KdcKijmS3V3mkSLjle1cjwprPh61G8hQ==
  dependencies:
    "@ledgerhq/devices" "^5.21.0"
    "@ledgerhq/errors" "^5.21.0"
    events "^3.2.0"

"@ledgerhq/logs@^5.21.0":
  version "5.21.0"
  resolved "https://registry.yarnpkg.com/@ledgerhq/logs/-/logs-5.21.0.tgz#19629222e44b4d312e232c2dfbe0d067ecc12830"
  integrity sha512-eyPXrKfQ+HSLcITB5MdSWhXlImE2qKWTLT2u6l+a9wiCZl5yimSqn0uC5evxaP0McKOW0wSntgfj+gOoKv+Paw==

events@^3.2.0:
  version "3.2.0"
  resolved "https://registry.yarnpkg.com/events/-/events-3.2.0.tgz#93b87c18f8efcd4202a461aec4dfc0556b639379"
  integrity sha512-/46HWwbfCX2xTawVfkKLGxMifJYQBWMwY1mjywRtb4c9x8l5NP3KoJtnIOiL1hfdRkIuYhETxQlo62IF8tcnlg==

rxjs@^6.6.0:
  version "6.6.2"
  resolved "https://registry.yarnpkg.com/rxjs/-/rxjs-6.6.2.tgz#8096a7ac03f2cc4fe5860ef6e572810d9e01c0d2"
  integrity sha512-BHdBMVoWC2sL26w//BCu3YzKT4s2jip/WhwsGEDmeKYBhKDZeYezVUnHatYB7L85v5xs0BAQmg6BEYJEKxBabg==
  dependencies:
    tslib "^1.9.0"

tslib@^1.9.0:
  version "1.13.0"
  resolved "https://registry.yarnpkg.com/tslib/-/tslib-1.13.0.tgz#c881e13cc7015894ed914862d276436fa9a47043"
  integrity sha512-i/6DQjL8Xf3be4K/E6Wgpekn5Qasl1usyw++dAA35Ue5orEn65VIxOA+YvNNl9HV3qv70T7CNwjODHZrLwvd1Q==
